
Microsoft Visual Studio Solution File, Format Version 12.00
# Visual Studio Version 17
VisualStudioVersion = 17.5.002.0
MinimumVisualStudioVersion = 10.0.40219.1
Project("{9A19103F-16F7-4668-BE54-9A1E7A4F7556}") = "HelloWorld", "HelloWorld\HelloWorld.csproj", "{0B7C86E1-5766-45B0-A4AA-3531806FA3E5}"
EndProject
Project("{2150E333-8FDC-42A3-9474-1A3956D46DE8}") = "HelloWorld (1)", "HelloWorld", "{90B7C731-32C7-420E-AC25-BA6CE16D9D5A}"
EndProject
Project("{9A19103F-16F7-4668-BE54-9A1E7A4F7556}") = "kapitel 1", "HelloWorld\kapitel 1\kapitel 1.csproj", "{A2DA7FF8-1E92-4CB4-9932-69DEF82F3F9F}"
EndProject
Project("{2150E333-8FDC-42A3-9474-1A3956D46DE8}") = "kapitel 3", "kapitel 3", "{BCB9C613-4C77-4F22-A15A-AA3DC4BA03A6}"
EndProject
Project("{9A19103F-16F7-4668-BE54-9A1E7A4F7556}") = "engchart", "kapitel 3\engchart\engchart.csproj", "{A365FB7C-E75F-46A0-A287-04FDA68C9981}"
EndProject
Project("{9A19103F-16F7-4668-BE54-9A1E7A4F7556}") = "interactivStory", "kapitel 3\interactivStory\interactivStory.csproj", "{A27C9256-273F-4A13-9222-2CC024C19E1E}"
EndProject
Project("{2150E333-8FDC-42A3-9474-1A3956D46DE8}") = "kapitel 1 (1)", "kapitel 1", "{06226190-2549-4A3A-B505-7210BEA62BDD}"
EndProject
Project("{9A19103F-16F7-4668-BE54-9A1E7A4F7556}") = "lucktext", "HelloWorld\kapitel 1\lucktext\lucktext.csproj", "{BDAF666E-8058-4E2D-AA67-896E720FA581}"
EndProject
Global
	GlobalSection(SolutionConfigurationPlatforms) = preSolution
		Debug|Any CPU = Debug|Any CPU
		Release|Any CPU = Release|Any CPU
	EndGlobalSection
	GlobalSection(ProjectConfigurationPlatforms) = postSolution
		{0B7C86E1-5766-45B0-A4AA-3531806FA3E5}.Debug|Any CPU.ActiveCfg = Debug|Any CPU
		{0B7C86E1-5766-45B0-A4AA-3531806FA3E5}.Debug|Any CPU.Build.0 = Debug|Any CPU
		{0B7C86E1-5766-45B0-A4AA-3531806FA3E5}.Release|Any CPU.ActiveCfg = Release|Any CPU
		{0B7C86E1-5766-45B0-A4AA-3531806FA3E5}.Release|Any CPU.Build.0 = Release|Any CPU
		{A2DA7FF8-1E92-4CB4-9932-69DEF82F3F9F}.Debug|Any CPU.ActiveCfg = Debug|Any CPU
		{A2DA7FF8-1E92-4CB4-9932-69DEF82F3F9F}.Debug|Any CPU.Build.0 = Debug|Any CPU
		{A2DA7FF8-1E92-4CB4-9932-69DEF82F3F9F}.Release|Any CPU.ActiveCfg = Release|Any CPU
		{A2DA7FF8-1E92-4CB4-9932-69DEF82F3F9F}.Release|Any CPU.Build.0 = Release|Any CPU
		{A365FB7C-E75F-46A0-A287-04FDA68C9981}.Debug|Any CPU.ActiveCfg = Debug|Any CPU
		{A365FB7C-E75F-46A0-A287-04FDA68C9981}.Debug|Any CPU.Build.0 = Debug|Any CPU
		{A365FB7C-E75F-46A0-A287-04FDA68C9981}.Release|Any CPU.ActiveCfg = Release|Any CPU
		{A365FB7C-E75F-46A0-A287-04FDA68C9981}.Release|Any CPU.Build.0 = Release|Any CPU
		{A27C9256-273F-4A13-9222-2CC024C19E1E}.Debug|Any CPU.ActiveCfg = Debug|Any CPU
		{A27C9256-273F-4A13-9222-2CC024C19E1E}.Debug|Any CPU.Build.0 = Debug|Any CPU
		{A27C9256-273F-4A13-9222-2CC024C19E1E}.Release|Any CPU.ActiveCfg = Release|Any CPU
		{A27C9256-273F-4A13-9222-2CC024C19E1E}.Release|Any CPU.Build.0 = Release|Any CPU
		{BDAF666E-8058-4E2D-AA67-896E720FA581}.Debug|Any CPU.ActiveCfg = Debug|Any CPU
		{BDAF666E-8058-4E2D-AA67-896E720FA581}.Debug|Any CPU.Build.0 = Debug|Any CPU
		{BDAF666E-8058-4E2D-AA67-896E720FA581}.Release|Any CPU.ActiveCfg = Release|Any CPU
		{BDAF666E-8058-4E2D-AA67-896E720FA581}.Release|Any CPU.Build.0 = Release|Any CPU
	EndGlobalSection
	GlobalSection(SolutionProperties) = preSolution
		HideSolutionNode = FALSE
	EndGlobalSection
	GlobalSection(NestedProjects) = preSolution
		{A2DA7FF8-1E92-4CB4-9932-69DEF82F3F9F} = {90B7C731-32C7-420E-AC25-BA6CE16D9D5A}
		{A365FB7C-E75F-46A0-A287-04FDA68C9981} = {BCB9C613-4C77-4F22-A15A-AA3DC4BA03A6}
		{A27C9256-273F-4A13-9222-2CC024C19E1E} = {BCB9C613-4C77-4F22-A15A-AA3DC4BA03A6}
		{06226190-2549-4A3A-B505-7210BEA62BDD} = {90B7C731-32C7-420E-AC25-BA6CE16D9D5A}
		{BDAF666E-8058-4E2D-AA67-896E720FA581} = {06226190-2549-4A3A-B505-7210BEA62BDD}
	EndGlobalSection
	GlobalSection(ExtensibilityGlobals) = postSolution
		SolutionGuid = {470C8A24-98B0-46B3-A663-64359A5F508B}
	EndGlobalSection
EndGlobal
