Microsoft Visual Studio Solution File, Format Version 12.00
# Visual Studio Version 17
VisualStudioVersion = 17.5.2.0
MinimumVisualStudioVersion = 10.0.40219.1
Project("{FAE04EC0-301F-11D3-BF4B-00C04F79EFBC}") = "MetoderSomReturerar", "MetoderSomReturerar.csproj", "{F1BEC33E-773D-0F8C-A7F3-447C5E96CBE8}"
EndProject
Global
	GlobalSection(SolutionConfigurationPlatforms) = preSolution
		Debug|Any CPU = Debug|Any CPU
		Release|Any CPU = Release|Any CPU
	EndGlobalSection
	GlobalSection(ProjectConfigurationPlatforms) = postSolution
		{F1BEC33E-773D-0F8C-A7F3-447C5E96CBE8}.Debug|Any CPU.ActiveCfg = Debug|Any CPU
		{F1BEC33E-773D-0F8C-A7F3-447C5E96CBE8}.Debug|Any CPU.Build.0 = Debug|Any CPU
		{F1BEC33E-773D-0F8C-A7F3-447C5E96CBE8}.Release|Any CPU.ActiveCfg = Release|Any CPU
		{F1BEC33E-773D-0F8C-A7F3-447C5E96CBE8}.Release|Any CPU.Build.0 = Release|Any CPU
	EndGlobalSection
	GlobalSection(SolutionProperties) = preSolution
		HideSolutionNode = FALSE
	EndGlobalSection
	GlobalSection(ExtensibilityGlobals) = postSolution
		SolutionGuid = {376386C0-F4D7-419A-84AF-9C34B017DB0E}
	EndGlobalSection
EndGlobal
